
Microsoft Visual Studio Solution File, Format Version 12.00
# Visual Studio 14
VisualStudioVersion = 14.0.22823.1
MinimumVisualStudioVersion = 10.0.40219.1
Project("{FAE04EC0-301F-11D3-BF4B-00C04F79EFBC}") = "AS.Actors", "AS.Actors\AS.Actors.csproj", "{E2799E7F-BFC3-4775-B327-141E358D506C}"
EndProject
Project("{2150E333-8FDC-42A3-9474-1A3956D46DE8}") = "Tests", "Tests", "{418FA3E6-3B26-4E74-90CC-332F48874281}"
EndProject
Project("{FAE04EC0-301F-11D3-BF4B-00C04F79EFBC}") = "AS.Actors.Tests", "Tests\AS.Actors.Tests\AS.Actors.Tests.csproj", "{95323711-D636-476C-89E7-D97F38087441}"
EndProject
Project("{FAE04EC0-301F-11D3-BF4B-00C04F79EFBC}") = "AS.Messages", "AS.Messages\AS.Messages.csproj", "{260C915F-0E9A-494B-BA7E-A04C8D7955BF}"
EndProject
Project("{FAE04EC0-301F-11D3-BF4B-00C04F79EFBC}") = "AS.MockActors", "Tests\AS.MockActors\AS.MockActors.csproj", "{859A9514-FA03-4F6F-AD83-FADFB82881B4}"
EndProject
Project("{FAE04EC0-301F-11D3-BF4B-00C04F79EFBC}") = "AS.TestMessages", "Tests\AS.TestMessages\AS.TestMessages.csproj", "{F578CC3C-F11D-4A6A-93CA-B738794629E5}"
EndProject
Project("{FAE04EC0-301F-11D3-BF4B-00C04F79EFBC}") = "AS.Interfaces", "AS.Interfaces\AS.Interfaces.csproj", "{9890F6AC-C932-4443-8410-DA2689853965}"
EndProject
Project("{2150E333-8FDC-42A3-9474-1A3956D46DE8}") = "AdminClients", "AdminClients", "{68AA4B03-66B3-4632-AF6C-8CB063EB4060}"
EndProject
Project("{FAE04EC0-301F-11D3-BF4B-00C04F79EFBC}") = "AS.Admin.ChatClient", "AdminClients\AS.Admin.ChatClient\AS.Admin.ChatClient.csproj", "{6F36FA12-4156-4532-AF13-E5FA03A58D09}"
EndProject
Project("{2150E333-8FDC-42A3-9474-1A3956D46DE8}") = "Common", "Common", "{E5BC7909-3244-4B5B-A06D-AA42CD7C3BD0}"
EndProject
Project("{FAE04EC0-301F-11D3-BF4B-00C04F79EFBC}") = "AS.Common", "Common\AS.Common\AS.Common.csproj", "{E41BA798-4ADA-4D85-9C3E-2221643BFBB6}"
EndProject
Project("{FAE04EC0-301F-11D3-BF4B-00C04F79EFBC}") = "AS.TestHost", "Tests\AS.TestHost\AS.TestHost\AS.TestHost.csproj", "{5FAF533B-E55A-4D22-BF40-8F1336CDAF3D}"
EndProject
Project("{FAE04EC0-301F-11D3-BF4B-00C04F79EFBC}") = "AS.Common.Tests", "Common\AS.Common.Tests\AS.Common.Tests.csproj", "{9917C585-3F9F-425F-A0BB-EF644E612830}"
EndProject
Project("{2150E333-8FDC-42A3-9474-1A3956D46DE8}") = "System", "System", "{FD7583C1-F4A9-4A56-81E7-88E1CCF10B4D}"
EndProject
Project("{2150E333-8FDC-42A3-9474-1A3956D46DE8}") = "External", "External", "{716ED828-A33C-4653-BA99-4CCCB5D4633A}"
EndProject
Project("{FAE04EC0-301F-11D3-BF4B-00C04F79EFBC}") = "AkkaHelpers", "External\AkkaHelpers\AkkaHelpers.csproj", "{637C585F-8EA3-4C8C-BB83-F0E5C9855D05}"
EndProject
Project("{FAE04EC0-301F-11D3-BF4B-00C04F79EFBC}") = "AS.Admin.ServerStatsClient", "AdminClients\AS.Admin.ServerStatsClient\AS.Admin.ServerStatsClient\AS.Admin.ServerStatsClient.csproj", "{59452044-AFE5-4EF2-A0B6-7624DF8B1FFF}"
EndProject
Project("{FAE04EC0-301F-11D3-BF4B-00C04F79EFBC}") = "AS.Client.Core.WPF", "AdminClients\AS.Admin.Common\AS.Client.Common\AS.Client.Core.WPF.csproj", "{282AA8A4-2955-4F92-9FFF-C21AF396B969}"
EndProject
Project("{2150E333-8FDC-42A3-9474-1A3956D46DE8}") = "Clients", "Clients", "{F33C0307-E1D8-4181-97A6-E14C020637C9}"
EndProject
Project("{FAE04EC0-301F-11D3-BF4B-00C04F79EFBC}") = "AS.Client.Core", "Clients\AS.Client.Core\AS.Client.Core.csproj", "{1162083B-336B-4699-944F-14C63D4C04A3}"
EndProject
Project("{FAE04EC0-301F-11D3-BF4B-00C04F79EFBC}") = "AS.Client.Helios", "Clients\AS.Client.Helios\AS.Client.Helios\AS.Client.Helios.csproj", "{B4C7729A-6DAA-42E4-B587-32294AA1BCDB}"
EndProject
Project("{FAE04EC0-301F-11D3-BF4B-00C04F79EFBC}") = "AS.Client.Helios.Tests", "Tests\AS.Client.Helios.Tests\AS.Client.Helios.Tests\AS.Client.Helios.Tests.csproj", "{E79588D4-7EB6-4128-B50B-2A0FF6C4E23C}"
EndProject
Project("{FAE04EC0-301F-11D3-BF4B-00C04F79EFBC}") = "AS.Client.Helios.TestHost", "Clients\AS.Client.Helios\AS.Client.Helios.TestHost\AS.Client.Helios.TestHost\AS.Client.Helios.TestHost.csproj", "{73C387AE-2C08-49EE-9DDD-036021498C72}"
EndProject
Project("{FAE04EC0-301F-11D3-BF4B-00C04F79EFBC}") = "AS.Serialization", "Common\AS.Serialization\AS.Serialization\AS.Serialization.csproj", "{90C4C500-757F-4FD4-A28D-68685DB65621}"
EndProject
Project("{FAE04EC0-301F-11D3-BF4B-00C04F79EFBC}") = "AS.Client.Messages", "Clients\AS.Client.Messages\AS.Client.Messages\AS.Client.Messages.csproj", "{586D5399-3EE0-473C-84FE-C58F22D52A20}"
EndProject
Project("{FAE04EC0-301F-11D3-BF4B-00C04F79EFBC}") = "AS.Client.Unity3D", "Clients\AS.Client.Unity3D\AS.Client.Unity3D\AS.Client.Unity3D.csproj", "{89485C9D-93EF-4EBF-A213-60A62BC8094A}"
EndProject
Project("{FAE04EC0-301F-11D3-BF4B-00C04F79EFBC}") = "AS.Common.DataStructures", "Common\AS.Common.DataStructures\AS.Common.DataStructures.csproj", "{44B01B97-2A0E-49B0-BF5B-16F3BBCCB9D5}"
EndProject
Global
	GlobalSection(SolutionConfigurationPlatforms) = preSolution
		Debug|Any CPU = Debug|Any CPU
		Release|Any CPU = Release|Any CPU
	EndGlobalSection
	GlobalSection(ProjectConfigurationPlatforms) = postSolution
		{E2799E7F-BFC3-4775-B327-141E358D506C}.Debug|Any CPU.ActiveCfg = Debug|Any CPU
		{E2799E7F-BFC3-4775-B327-141E358D506C}.Debug|Any CPU.Build.0 = Debug|Any CPU
		{E2799E7F-BFC3-4775-B327-141E358D506C}.Release|Any CPU.ActiveCfg = Release|Any CPU
		{E2799E7F-BFC3-4775-B327-141E358D506C}.Release|Any CPU.Build.0 = Release|Any CPU
		{95323711-D636-476C-89E7-D97F38087441}.Debug|Any CPU.ActiveCfg = Debug|Any CPU
		{95323711-D636-476C-89E7-D97F38087441}.Debug|Any CPU.Build.0 = Debug|Any CPU
		{95323711-D636-476C-89E7-D97F38087441}.Release|Any CPU.ActiveCfg = Release|Any CPU
		{95323711-D636-476C-89E7-D97F38087441}.Release|Any CPU.Build.0 = Release|Any CPU
		{260C915F-0E9A-494B-BA7E-A04C8D7955BF}.Debug|Any CPU.ActiveCfg = Debug|Any CPU
		{260C915F-0E9A-494B-BA7E-A04C8D7955BF}.Debug|Any CPU.Build.0 = Debug|Any CPU
		{260C915F-0E9A-494B-BA7E-A04C8D7955BF}.Release|Any CPU.ActiveCfg = Release|Any CPU
		{260C915F-0E9A-494B-BA7E-A04C8D7955BF}.Release|Any CPU.Build.0 = Release|Any CPU
		{859A9514-FA03-4F6F-AD83-FADFB82881B4}.Debug|Any CPU.ActiveCfg = Debug|Any CPU
		{859A9514-FA03-4F6F-AD83-FADFB82881B4}.Debug|Any CPU.Build.0 = Debug|Any CPU
		{859A9514-FA03-4F6F-AD83-FADFB82881B4}.Release|Any CPU.ActiveCfg = Release|Any CPU
		{859A9514-FA03-4F6F-AD83-FADFB82881B4}.Release|Any CPU.Build.0 = Release|Any CPU
		{F578CC3C-F11D-4A6A-93CA-B738794629E5}.Debug|Any CPU.ActiveCfg = Debug|Any CPU
		{F578CC3C-F11D-4A6A-93CA-B738794629E5}.Debug|Any CPU.Build.0 = Debug|Any CPU
		{F578CC3C-F11D-4A6A-93CA-B738794629E5}.Release|Any CPU.ActiveCfg = Release|Any CPU
		{F578CC3C-F11D-4A6A-93CA-B738794629E5}.Release|Any CPU.Build.0 = Release|Any CPU
		{9890F6AC-C932-4443-8410-DA2689853965}.Debug|Any CPU.ActiveCfg = Debug|Any CPU
		{9890F6AC-C932-4443-8410-DA2689853965}.Debug|Any CPU.Build.0 = Debug|Any CPU
		{9890F6AC-C932-4443-8410-DA2689853965}.Release|Any CPU.ActiveCfg = Release|Any CPU
		{9890F6AC-C932-4443-8410-DA2689853965}.Release|Any CPU.Build.0 = Release|Any CPU
		{6F36FA12-4156-4532-AF13-E5FA03A58D09}.Debug|Any CPU.ActiveCfg = Debug|Any CPU
		{6F36FA12-4156-4532-AF13-E5FA03A58D09}.Debug|Any CPU.Build.0 = Debug|Any CPU
		{6F36FA12-4156-4532-AF13-E5FA03A58D09}.Release|Any CPU.ActiveCfg = Release|Any CPU
		{6F36FA12-4156-4532-AF13-E5FA03A58D09}.Release|Any CPU.Build.0 = Release|Any CPU
		{E41BA798-4ADA-4D85-9C3E-2221643BFBB6}.Debug|Any CPU.ActiveCfg = Debug|Any CPU
		{E41BA798-4ADA-4D85-9C3E-2221643BFBB6}.Debug|Any CPU.Build.0 = Debug|Any CPU
		{E41BA798-4ADA-4D85-9C3E-2221643BFBB6}.Release|Any CPU.ActiveCfg = Release|Any CPU
		{E41BA798-4ADA-4D85-9C3E-2221643BFBB6}.Release|Any CPU.Build.0 = Release|Any CPU
		{5FAF533B-E55A-4D22-BF40-8F1336CDAF3D}.Debug|Any CPU.ActiveCfg = Debug|Any CPU
		{5FAF533B-E55A-4D22-BF40-8F1336CDAF3D}.Debug|Any CPU.Build.0 = Debug|Any CPU
		{5FAF533B-E55A-4D22-BF40-8F1336CDAF3D}.Release|Any CPU.ActiveCfg = Release|Any CPU
		{5FAF533B-E55A-4D22-BF40-8F1336CDAF3D}.Release|Any CPU.Build.0 = Release|Any CPU
		{9917C585-3F9F-425F-A0BB-EF644E612830}.Debug|Any CPU.ActiveCfg = Debug|Any CPU
		{9917C585-3F9F-425F-A0BB-EF644E612830}.Debug|Any CPU.Build.0 = Debug|Any CPU
		{9917C585-3F9F-425F-A0BB-EF644E612830}.Release|Any CPU.ActiveCfg = Release|Any CPU
		{9917C585-3F9F-425F-A0BB-EF644E612830}.Release|Any CPU.Build.0 = Release|Any CPU
		{637C585F-8EA3-4C8C-BB83-F0E5C9855D05}.Debug|Any CPU.ActiveCfg = Debug|Any CPU
		{637C585F-8EA3-4C8C-BB83-F0E5C9855D05}.Debug|Any CPU.Build.0 = Debug|Any CPU
		{637C585F-8EA3-4C8C-BB83-F0E5C9855D05}.Release|Any CPU.ActiveCfg = Release|Any CPU
		{637C585F-8EA3-4C8C-BB83-F0E5C9855D05}.Release|Any CPU.Build.0 = Release|Any CPU
		{59452044-AFE5-4EF2-A0B6-7624DF8B1FFF}.Debug|Any CPU.ActiveCfg = Debug|Any CPU
		{59452044-AFE5-4EF2-A0B6-7624DF8B1FFF}.Debug|Any CPU.Build.0 = Debug|Any CPU
		{59452044-AFE5-4EF2-A0B6-7624DF8B1FFF}.Release|Any CPU.ActiveCfg = Release|Any CPU
		{59452044-AFE5-4EF2-A0B6-7624DF8B1FFF}.Release|Any CPU.Build.0 = Release|Any CPU
		{282AA8A4-2955-4F92-9FFF-C21AF396B969}.Debug|Any CPU.ActiveCfg = Debug|Any CPU
		{282AA8A4-2955-4F92-9FFF-C21AF396B969}.Debug|Any CPU.Build.0 = Debug|Any CPU
		{282AA8A4-2955-4F92-9FFF-C21AF396B969}.Release|Any CPU.ActiveCfg = Release|Any CPU
		{282AA8A4-2955-4F92-9FFF-C21AF396B969}.Release|Any CPU.Build.0 = Release|Any CPU
		{1162083B-336B-4699-944F-14C63D4C04A3}.Debug|Any CPU.ActiveCfg = Debug|Any CPU
		{1162083B-336B-4699-944F-14C63D4C04A3}.Debug|Any CPU.Build.0 = Debug|Any CPU
		{1162083B-336B-4699-944F-14C63D4C04A3}.Release|Any CPU.ActiveCfg = Release|Any CPU
		{1162083B-336B-4699-944F-14C63D4C04A3}.Release|Any CPU.Build.0 = Release|Any CPU
		{B4C7729A-6DAA-42E4-B587-32294AA1BCDB}.Debug|Any CPU.ActiveCfg = Debug|Any CPU
		{B4C7729A-6DAA-42E4-B587-32294AA1BCDB}.Debug|Any CPU.Build.0 = Debug|Any CPU
		{B4C7729A-6DAA-42E4-B587-32294AA1BCDB}.Release|Any CPU.ActiveCfg = Release|Any CPU
		{B4C7729A-6DAA-42E4-B587-32294AA1BCDB}.Release|Any CPU.Build.0 = Release|Any CPU
		{E79588D4-7EB6-4128-B50B-2A0FF6C4E23C}.Debug|Any CPU.ActiveCfg = Debug|Any CPU
		{E79588D4-7EB6-4128-B50B-2A0FF6C4E23C}.Debug|Any CPU.Build.0 = Debug|Any CPU
		{E79588D4-7EB6-4128-B50B-2A0FF6C4E23C}.Release|Any CPU.ActiveCfg = Release|Any CPU
		{E79588D4-7EB6-4128-B50B-2A0FF6C4E23C}.Release|Any CPU.Build.0 = Release|Any CPU
		{73C387AE-2C08-49EE-9DDD-036021498C72}.Debug|Any CPU.ActiveCfg = Debug|Any CPU
		{73C387AE-2C08-49EE-9DDD-036021498C72}.Debug|Any CPU.Build.0 = Debug|Any CPU
		{73C387AE-2C08-49EE-9DDD-036021498C72}.Release|Any CPU.ActiveCfg = Release|Any CPU
		{73C387AE-2C08-49EE-9DDD-036021498C72}.Release|Any CPU.Build.0 = Release|Any CPU
		{90C4C500-757F-4FD4-A28D-68685DB65621}.Debug|Any CPU.ActiveCfg = Debug|Any CPU
		{90C4C500-757F-4FD4-A28D-68685DB65621}.Debug|Any CPU.Build.0 = Debug|Any CPU
		{90C4C500-757F-4FD4-A28D-68685DB65621}.Release|Any CPU.ActiveCfg = Release|Any CPU
		{90C4C500-757F-4FD4-A28D-68685DB65621}.Release|Any CPU.Build.0 = Release|Any CPU
		{586D5399-3EE0-473C-84FE-C58F22D52A20}.Debug|Any CPU.ActiveCfg = Debug|Any CPU
		{586D5399-3EE0-473C-84FE-C58F22D52A20}.Debug|Any CPU.Build.0 = Debug|Any CPU
		{586D5399-3EE0-473C-84FE-C58F22D52A20}.Release|Any CPU.ActiveCfg = Release|Any CPU
		{586D5399-3EE0-473C-84FE-C58F22D52A20}.Release|Any CPU.Build.0 = Release|Any CPU
		{89485C9D-93EF-4EBF-A213-60A62BC8094A}.Debug|Any CPU.ActiveCfg = Debug|Any CPU
		{89485C9D-93EF-4EBF-A213-60A62BC8094A}.Debug|Any CPU.Build.0 = Debug|Any CPU
		{89485C9D-93EF-4EBF-A213-60A62BC8094A}.Release|Any CPU.ActiveCfg = Release|Any CPU
		{89485C9D-93EF-4EBF-A213-60A62BC8094A}.Release|Any CPU.Build.0 = Release|Any CPU
		{44B01B97-2A0E-49B0-BF5B-16F3BBCCB9D5}.Debug|Any CPU.ActiveCfg = Debug|Any CPU
		{44B01B97-2A0E-49B0-BF5B-16F3BBCCB9D5}.Debug|Any CPU.Build.0 = Debug|Any CPU
		{44B01B97-2A0E-49B0-BF5B-16F3BBCCB9D5}.Release|Any CPU.ActiveCfg = Release|Any CPU
		{44B01B97-2A0E-49B0-BF5B-16F3BBCCB9D5}.Release|Any CPU.Build.0 = Release|Any CPU
	EndGlobalSection
	GlobalSection(SolutionProperties) = preSolution
		HideSolutionNode = FALSE
	EndGlobalSection
	GlobalSection(NestedProjects) = preSolution
		{E2799E7F-BFC3-4775-B327-141E358D506C} = {FD7583C1-F4A9-4A56-81E7-88E1CCF10B4D}
		{95323711-D636-476C-89E7-D97F38087441} = {418FA3E6-3B26-4E74-90CC-332F48874281}
		{260C915F-0E9A-494B-BA7E-A04C8D7955BF} = {FD7583C1-F4A9-4A56-81E7-88E1CCF10B4D}
		{859A9514-FA03-4F6F-AD83-FADFB82881B4} = {418FA3E6-3B26-4E74-90CC-332F48874281}
		{F578CC3C-F11D-4A6A-93CA-B738794629E5} = {418FA3E6-3B26-4E74-90CC-332F48874281}
		{9890F6AC-C932-4443-8410-DA2689853965} = {FD7583C1-F4A9-4A56-81E7-88E1CCF10B4D}
		{6F36FA12-4156-4532-AF13-E5FA03A58D09} = {68AA4B03-66B3-4632-AF6C-8CB063EB4060}
		{E41BA798-4ADA-4D85-9C3E-2221643BFBB6} = {E5BC7909-3244-4B5B-A06D-AA42CD7C3BD0}
		{5FAF533B-E55A-4D22-BF40-8F1336CDAF3D} = {418FA3E6-3B26-4E74-90CC-332F48874281}
		{9917C585-3F9F-425F-A0BB-EF644E612830} = {E5BC7909-3244-4B5B-A06D-AA42CD7C3BD0}
		{637C585F-8EA3-4C8C-BB83-F0E5C9855D05} = {716ED828-A33C-4653-BA99-4CCCB5D4633A}
		{59452044-AFE5-4EF2-A0B6-7624DF8B1FFF} = {68AA4B03-66B3-4632-AF6C-8CB063EB4060}
		{282AA8A4-2955-4F92-9FFF-C21AF396B969} = {68AA4B03-66B3-4632-AF6C-8CB063EB4060}
		{1162083B-336B-4699-944F-14C63D4C04A3} = {F33C0307-E1D8-4181-97A6-E14C020637C9}
		{B4C7729A-6DAA-42E4-B587-32294AA1BCDB} = {F33C0307-E1D8-4181-97A6-E14C020637C9}
		{E79588D4-7EB6-4128-B50B-2A0FF6C4E23C} = {418FA3E6-3B26-4E74-90CC-332F48874281}
		{73C387AE-2C08-49EE-9DDD-036021498C72} = {F33C0307-E1D8-4181-97A6-E14C020637C9}
		{90C4C500-757F-4FD4-A28D-68685DB65621} = {E5BC7909-3244-4B5B-A06D-AA42CD7C3BD0}
		{586D5399-3EE0-473C-84FE-C58F22D52A20} = {F33C0307-E1D8-4181-97A6-E14C020637C9}
		{89485C9D-93EF-4EBF-A213-60A62BC8094A} = {F33C0307-E1D8-4181-97A6-E14C020637C9}
		{44B01B97-2A0E-49B0-BF5B-16F3BBCCB9D5} = {E5BC7909-3244-4B5B-A06D-AA42CD7C3BD0}
	EndGlobalSection
EndGlobal
