
Microsoft Visual Studio Solution File, Format Version 12.00
# Visual Studio 2013
VisualStudioVersion = 12.0.21005.1
MinimumVisualStudioVersion = 10.0.40219.1
Project("{FAE04EC0-301F-11D3-BF4B-00C04F79EFBC}") = "AS.Actors", "AS.Actors\AS.Actors.csproj", "{E2799E7F-BFC3-4775-B327-141E358D506C}"
EndProject
Project("{2150E333-8FDC-42A3-9474-1A3956D46DE8}") = "Tests", "Tests", "{418FA3E6-3B26-4E74-90CC-332F48874281}"
EndProject
Project("{FAE04EC0-301F-11D3-BF4B-00C04F79EFBC}") = "AS.Actors.Tests", "Tests\AS.Actors.Tests\AS.Actors.Tests.csproj", "{95323711-D636-476C-89E7-D97F38087441}"
EndProject
Project("{FAE04EC0-301F-11D3-BF4B-00C04F79EFBC}") = "AS.Messages", "AS.Messages\AS.Messages.csproj", "{260C915F-0E9A-494B-BA7E-A04C8D7955BF}"
EndProject
Project("{FAE04EC0-301F-11D3-BF4B-00C04F79EFBC}") = "AS.MockActors", "Tests\AS.MockActors\AS.MockActors.csproj", "{859A9514-FA03-4F6F-AD83-FADFB82881B4}"
EndProject
Project("{FAE04EC0-301F-11D3-BF4B-00C04F79EFBC}") = "AS.TestMessages", "Tests\AS.TestMessages\AS.TestMessages.csproj", "{F578CC3C-F11D-4A6A-93CA-B738794629E5}"
EndProject
Project("{FAE04EC0-301F-11D3-BF4B-00C04F79EFBC}") = "AS.Interfaces", "AS.Interfaces\AS.Interfaces.csproj", "{9890F6AC-C932-4443-8410-DA2689853965}"
EndProject
Project("{2150E333-8FDC-42A3-9474-1A3956D46DE8}") = "AdminClients", "AdminClients", "{68AA4B03-66B3-4632-AF6C-8CB063EB4060}"
EndProject
Project("{FAE04EC0-301F-11D3-BF4B-00C04F79EFBC}") = "AS.Admin.ChatClient", "AdminClients\AS.Admin.ChatClient\AS.Admin.ChatClient.csproj", "{6F36FA12-4156-4532-AF13-E5FA03A58D09}"
EndProject
Project("{2150E333-8FDC-42A3-9474-1A3956D46DE8}") = "Common", "Common", "{E5BC7909-3244-4B5B-A06D-AA42CD7C3BD0}"
EndProject
Project("{FAE04EC0-301F-11D3-BF4B-00C04F79EFBC}") = "AS.Common", "Common\AS.Common\AS.Common.csproj", "{E41BA798-4ADA-4D85-9C3E-2221643BFBB6}"
EndProject
Project("{FAE04EC0-301F-11D3-BF4B-00C04F79EFBC}") = "AS.TestHost", "Tests\AS.TestHost\AS.TestHost\AS.TestHost.csproj", "{5FAF533B-E55A-4D22-BF40-8F1336CDAF3D}"
EndProject
Global
	GlobalSection(SolutionConfigurationPlatforms) = preSolution
		Debug|Any CPU = Debug|Any CPU
		Release|Any CPU = Release|Any CPU
	EndGlobalSection
	GlobalSection(ProjectConfigurationPlatforms) = postSolution
		{E2799E7F-BFC3-4775-B327-141E358D506C}.Debug|Any CPU.ActiveCfg = Debug|Any CPU
		{E2799E7F-BFC3-4775-B327-141E358D506C}.Debug|Any CPU.Build.0 = Debug|Any CPU
		{E2799E7F-BFC3-4775-B327-141E358D506C}.Release|Any CPU.ActiveCfg = Release|Any CPU
		{E2799E7F-BFC3-4775-B327-141E358D506C}.Release|Any CPU.Build.0 = Release|Any CPU
		{95323711-D636-476C-89E7-D97F38087441}.Debug|Any CPU.ActiveCfg = Debug|Any CPU
		{95323711-D636-476C-89E7-D97F38087441}.Debug|Any CPU.Build.0 = Debug|Any CPU
		{95323711-D636-476C-89E7-D97F38087441}.Release|Any CPU.ActiveCfg = Release|Any CPU
		{95323711-D636-476C-89E7-D97F38087441}.Release|Any CPU.Build.0 = Release|Any CPU
		{260C915F-0E9A-494B-BA7E-A04C8D7955BF}.Debug|Any CPU.ActiveCfg = Debug|Any CPU
		{260C915F-0E9A-494B-BA7E-A04C8D7955BF}.Debug|Any CPU.Build.0 = Debug|Any CPU
		{260C915F-0E9A-494B-BA7E-A04C8D7955BF}.Release|Any CPU.ActiveCfg = Release|Any CPU
		{260C915F-0E9A-494B-BA7E-A04C8D7955BF}.Release|Any CPU.Build.0 = Release|Any CPU
		{859A9514-FA03-4F6F-AD83-FADFB82881B4}.Debug|Any CPU.ActiveCfg = Debug|Any CPU
		{859A9514-FA03-4F6F-AD83-FADFB82881B4}.Debug|Any CPU.Build.0 = Debug|Any CPU
		{859A9514-FA03-4F6F-AD83-FADFB82881B4}.Release|Any CPU.ActiveCfg = Release|Any CPU
		{859A9514-FA03-4F6F-AD83-FADFB82881B4}.Release|Any CPU.Build.0 = Release|Any CPU
		{F578CC3C-F11D-4A6A-93CA-B738794629E5}.Debug|Any CPU.ActiveCfg = Debug|Any CPU
		{F578CC3C-F11D-4A6A-93CA-B738794629E5}.Debug|Any CPU.Build.0 = Debug|Any CPU
		{F578CC3C-F11D-4A6A-93CA-B738794629E5}.Release|Any CPU.ActiveCfg = Release|Any CPU
		{F578CC3C-F11D-4A6A-93CA-B738794629E5}.Release|Any CPU.Build.0 = Release|Any CPU
		{9890F6AC-C932-4443-8410-DA2689853965}.Debug|Any CPU.ActiveCfg = Debug|Any CPU
		{9890F6AC-C932-4443-8410-DA2689853965}.Debug|Any CPU.Build.0 = Debug|Any CPU
		{9890F6AC-C932-4443-8410-DA2689853965}.Release|Any CPU.ActiveCfg = Release|Any CPU
		{9890F6AC-C932-4443-8410-DA2689853965}.Release|Any CPU.Build.0 = Release|Any CPU
		{6F36FA12-4156-4532-AF13-E5FA03A58D09}.Debug|Any CPU.ActiveCfg = Debug|Any CPU
		{6F36FA12-4156-4532-AF13-E5FA03A58D09}.Debug|Any CPU.Build.0 = Debug|Any CPU
		{6F36FA12-4156-4532-AF13-E5FA03A58D09}.Release|Any CPU.ActiveCfg = Release|Any CPU
		{6F36FA12-4156-4532-AF13-E5FA03A58D09}.Release|Any CPU.Build.0 = Release|Any CPU
		{E41BA798-4ADA-4D85-9C3E-2221643BFBB6}.Debug|Any CPU.ActiveCfg = Debug|Any CPU
		{E41BA798-4ADA-4D85-9C3E-2221643BFBB6}.Debug|Any CPU.Build.0 = Debug|Any CPU
		{E41BA798-4ADA-4D85-9C3E-2221643BFBB6}.Release|Any CPU.ActiveCfg = Release|Any CPU
		{E41BA798-4ADA-4D85-9C3E-2221643BFBB6}.Release|Any CPU.Build.0 = Release|Any CPU
		{5FAF533B-E55A-4D22-BF40-8F1336CDAF3D}.Debug|Any CPU.ActiveCfg = Debug|Any CPU
		{5FAF533B-E55A-4D22-BF40-8F1336CDAF3D}.Debug|Any CPU.Build.0 = Debug|Any CPU
		{5FAF533B-E55A-4D22-BF40-8F1336CDAF3D}.Release|Any CPU.ActiveCfg = Release|Any CPU
		{5FAF533B-E55A-4D22-BF40-8F1336CDAF3D}.Release|Any CPU.Build.0 = Release|Any CPU
	EndGlobalSection
	GlobalSection(SolutionProperties) = preSolution
		HideSolutionNode = FALSE
	EndGlobalSection
	GlobalSection(NestedProjects) = preSolution
		{95323711-D636-476C-89E7-D97F38087441} = {418FA3E6-3B26-4E74-90CC-332F48874281}
		{859A9514-FA03-4F6F-AD83-FADFB82881B4} = {418FA3E6-3B26-4E74-90CC-332F48874281}
		{F578CC3C-F11D-4A6A-93CA-B738794629E5} = {418FA3E6-3B26-4E74-90CC-332F48874281}
		{5FAF533B-E55A-4D22-BF40-8F1336CDAF3D} = {418FA3E6-3B26-4E74-90CC-332F48874281}
		{6F36FA12-4156-4532-AF13-E5FA03A58D09} = {68AA4B03-66B3-4632-AF6C-8CB063EB4060}
		{E41BA798-4ADA-4D85-9C3E-2221643BFBB6} = {E5BC7909-3244-4B5B-A06D-AA42CD7C3BD0}
	EndGlobalSection
EndGlobal
